
Microsoft Visual Studio Solution File, Format Version 12.00
# Visual Studio Version 17
VisualStudioVersion = 17.9.34902.65
MinimumVisualStudioVersion = 10.0.40219.1
Project("{FAE04EC0-301F-11D3-BF4B-00C04F79EFBC}") = "lab13var18", "lab13var18\lab13var18.csproj", "{0F4F333E-5B17-4F81-94D5-C8CE21011A85}"
EndProject
Global
	GlobalSection(SolutionConfigurationPlatforms) = preSolution
		Debug|Any CPU = Debug|Any CPU
		Release|Any CPU = Release|Any CPU
	EndGlobalSection
	GlobalSection(ProjectConfigurationPlatforms) = postSolution
		{0F4F333E-5B17-4F81-94D5-C8CE21011A85}.Debug|Any CPU.ActiveCfg = Debug|Any CPU
		{0F4F333E-5B17-4F81-94D5-C8CE21011A85}.Debug|Any CPU.Build.0 = Debug|Any CPU
		{0F4F333E-5B17-4F81-94D5-C8CE21011A85}.Release|Any CPU.ActiveCfg = Release|Any CPU
		{0F4F333E-5B17-4F81-94D5-C8CE21011A85}.Release|Any CPU.Build.0 = Release|Any CPU
	EndGlobalSection
	GlobalSection(SolutionProperties) = preSolution
		HideSolutionNode = FALSE
	EndGlobalSection
	GlobalSection(ExtensibilityGlobals) = postSolution
		SolutionGuid = {E515101A-39BF-4076-97A1-A82FEB413866}
	EndGlobalSection
EndGlobal
